
Microsoft Visual Studio Solution File, Format Version 12.00
# Visual Studio Version 17
VisualStudioVersion = 17.12.35707.178 d17.12
MinimumVisualStudioVersion = 10.0.40219.1
Project("{FAE04EC0-301F-11D3-BF4B-00C04F79EFBC}") = "InterestCalculator2", "InterestCalculator2.csproj", "{3AE7B328-5745-49EF-B623-AFA8E4E560C7}"
EndProject
Global
	GlobalSection(SolutionConfigurationPlatforms) = preSolution
		Debug|Any CPU = Debug|Any CPU
		Release|Any CPU = Release|Any CPU
	EndGlobalSection
	GlobalSection(ProjectConfigurationPlatforms) = postSolution
		{3AE7B328-5745-49EF-B623-AFA8E4E560C7}.Debug|Any CPU.ActiveCfg = Debug|Any CPU
		{3AE7B328-5745-49EF-B623-AFA8E4E560C7}.Debug|Any CPU.Build.0 = Debug|Any CPU
		{3AE7B328-5745-49EF-B623-AFA8E4E560C7}.Release|Any CPU.ActiveCfg = Release|Any CPU
		{3AE7B328-5745-49EF-B623-AFA8E4E560C7}.Release|Any CPU.Build.0 = Release|Any CPU
	EndGlobalSection
	GlobalSection(SolutionProperties) = preSolution
		HideSolutionNode = FALSE
	EndGlobalSection
EndGlobal
