
Microsoft Visual Studio Solution File, Format Version 12.00
# Visual Studio Version 17
VisualStudioVersion = 17.12.35707.178 d17.12
MinimumVisualStudioVersion = 10.0.40219.1
Project("{FAE04EC0-301F-11D3-BF4B-00C04F79EFBC}") = "ContactList2", "ContactList2.csproj", "{A729E9DD-7647-4CFF-ADD1-FD7B678B312E}"
EndProject
Global
	GlobalSection(SolutionConfigurationPlatforms) = preSolution
		Debug|Any CPU = Debug|Any CPU
		Release|Any CPU = Release|Any CPU
	EndGlobalSection
	GlobalSection(ProjectConfigurationPlatforms) = postSolution
		{A729E9DD-7647-4CFF-ADD1-FD7B678B312E}.Debug|Any CPU.ActiveCfg = Debug|Any CPU
		{A729E9DD-7647-4CFF-ADD1-FD7B678B312E}.Debug|Any CPU.Build.0 = Debug|Any CPU
		{A729E9DD-7647-4CFF-ADD1-FD7B678B312E}.Release|Any CPU.ActiveCfg = Release|Any CPU
		{A729E9DD-7647-4CFF-ADD1-FD7B678B312E}.Release|Any CPU.Build.0 = Release|Any CPU
	EndGlobalSection
	GlobalSection(SolutionProperties) = preSolution
		HideSolutionNode = FALSE
	EndGlobalSection
EndGlobal
