
Microsoft Visual Studio Solution File, Format Version 12.00
# Visual Studio Version 17
VisualStudioVersion = 17.12.35707.178 d17.12
MinimumVisualStudioVersion = 10.0.40219.1
Project("{FAE04EC0-301F-11D3-BF4B-00C04F79EFBC}") = "7-3GuessingGame", "7-3GuessingGame.csproj", "{A50A422D-62C1-4CEC-9ACC-FD7E661613FE}"
EndProject
Global
	GlobalSection(SolutionConfigurationPlatforms) = preSolution
		Debug|Any CPU = Debug|Any CPU
		Release|Any CPU = Release|Any CPU
	EndGlobalSection
	GlobalSection(ProjectConfigurationPlatforms) = postSolution
		{A50A422D-62C1-4CEC-9ACC-FD7E661613FE}.Debug|Any CPU.ActiveCfg = Debug|Any CPU
		{A50A422D-62C1-4CEC-9ACC-FD7E661613FE}.Debug|Any CPU.Build.0 = Debug|Any CPU
		{A50A422D-62C1-4CEC-9ACC-FD7E661613FE}.Release|Any CPU.ActiveCfg = Release|Any CPU
		{A50A422D-62C1-4CEC-9ACC-FD7E661613FE}.Release|Any CPU.Build.0 = Release|Any CPU
	EndGlobalSection
	GlobalSection(SolutionProperties) = preSolution
		HideSolutionNode = FALSE
	EndGlobalSection
EndGlobal
